
Microsoft Visual Studio Solution File, Format Version 12.00
# Visual Studio Version 16
VisualStudioVersion = 16.0.29728.190
MinimumVisualStudioVersion = 10.0.40219.1
Project("{888888A0-9F3D-457C-B088-3A5042F75D52}") = "TaskThree", "TaskThree\TaskThree.pyproj", "{B6D3C347-FD45-4EB1-8144-2919DE575E3D}"
EndProject
Global
	GlobalSection(SolutionConfigurationPlatforms) = preSolution
		Debug|Any CPU = Debug|Any CPU
		Release|Any CPU = Release|Any CPU
	EndGlobalSection
	GlobalSection(ProjectConfigurationPlatforms) = postSolution
		{B6D3C347-FD45-4EB1-8144-2919DE575E3D}.Debug|Any CPU.ActiveCfg = Debug|Any CPU
		{B6D3C347-FD45-4EB1-8144-2919DE575E3D}.Release|Any CPU.ActiveCfg = Release|Any CPU
	EndGlobalSection
	GlobalSection(SolutionProperties) = preSolution
		HideSolutionNode = FALSE
	EndGlobalSection
	GlobalSection(ExtensibilityGlobals) = postSolution
		SolutionGuid = {83CE8E5E-669E-4706-B096-975A3AD460A5}
	EndGlobalSection
EndGlobal
