
Microsoft Visual Studio Solution File, Format Version 12.00
# Visual Studio Version 16
VisualStudioVersion = 16.0.29728.190
MinimumVisualStudioVersion = 10.0.40219.1
Project("{888888A0-9F3D-457C-B088-3A5042F75D52}") = "TCA-2", "TCA-2\TCA-2.pyproj", "{55567BB5-12E2-4013-B65A-A930C89F7056}"
EndProject
Global
	GlobalSection(SolutionConfigurationPlatforms) = preSolution
		Debug|Any CPU = Debug|Any CPU
		Release|Any CPU = Release|Any CPU
	EndGlobalSection
	GlobalSection(ProjectConfigurationPlatforms) = postSolution
		{55567BB5-12E2-4013-B65A-A930C89F7056}.Debug|Any CPU.ActiveCfg = Debug|Any CPU
		{55567BB5-12E2-4013-B65A-A930C89F7056}.Release|Any CPU.ActiveCfg = Release|Any CPU
	EndGlobalSection
	GlobalSection(SolutionProperties) = preSolution
		HideSolutionNode = FALSE
	EndGlobalSection
	GlobalSection(ExtensibilityGlobals) = postSolution
		SolutionGuid = {B244284D-934D-475E-9DC2-C9FC2E6197F2}
	EndGlobalSection
EndGlobal
